
Microsoft Visual Studio Solution File, Format Version 12.00
# Visual Studio Version 17
VisualStudioVersion = 17.5.33516.290
MinimumVisualStudioVersion = 10.0.40219.1
Project("{9A19103F-16F7-4668-BE54-9A1E7A4F7556}") = "GameProj", "GameProj.csproj", "{F9C1E281-8FD4-44FD-A7FF-198A19026D3D}"
EndProject
Global
	GlobalSection(SolutionConfigurationPlatforms) = preSolution
		Debug|Any CPU = Debug|Any CPU
		Release|Any CPU = Release|Any CPU
	EndGlobalSection
	GlobalSection(ProjectConfigurationPlatforms) = postSolution
		{F9C1E281-8FD4-44FD-A7FF-198A19026D3D}.Debug|Any CPU.ActiveCfg = Debug|Any CPU
		{F9C1E281-8FD4-44FD-A7FF-198A19026D3D}.Debug|Any CPU.Build.0 = Debug|Any CPU
		{F9C1E281-8FD4-44FD-A7FF-198A19026D3D}.Release|Any CPU.ActiveCfg = Release|Any CPU
		{F9C1E281-8FD4-44FD-A7FF-198A19026D3D}.Release|Any CPU.Build.0 = Release|Any CPU
	EndGlobalSection
	GlobalSection(SolutionProperties) = preSolution
		HideSolutionNode = FALSE
	EndGlobalSection
	GlobalSection(ExtensibilityGlobals) = postSolution
		SolutionGuid = {DFDCB029-1F0F-4CE8-B219-36B215670EF8}
	EndGlobalSection
EndGlobal
